// !$*UTF8*$!
{
	archiveVersion = 1;
	classes = {
	};
	objectVersion = 46;
	objects = {

/* Begin PBXBuildFile section */
		D8013F981B4037870053F452 /* AppDelegate.swift in Sources */ = {isa = PBXBuildFile; fileRef = D8013F971B4037870053F452 /* AppDelegate.swift */; };
		D8013F9A1B4037870053F452 /* ViewController.swift in Sources */ = {isa = PBXBuildFile; fileRef = D8013F991B4037870053F452 /* ViewController.swift */; };
		D8013F9C1B4037870053F452 /* Images.xcassets in Resources */ = {isa = PBXBuildFile; fileRef = D8013F9B1B4037870053F452 /* Images.xcassets */; };
		D8013F9F1B4037870053F452 /* Main.storyboard in Resources */ = {isa = PBXBuildFile; fileRef = D8013F9D1B4037870053F452 /* Main.storyboard */; };
		D8013FAB1B4037870053F452 /* VideoCaptureTests.swift in Sources */ = {isa = PBXBuildFile; fileRef = D8013FAA1B4037870053F452 /* VideoCaptureTests.swift */; };
		D801C9321B67DA3F000954DF /* EquationParser.swift in Sources */ = {isa = PBXBuildFile; fileRef = D801C9311B67DA3F000954DF /* EquationParser.swift */; };
		D801C9361B67E19A000954DF /* Equation.swift in Sources */ = {isa = PBXBuildFile; fileRef = D801C9341B67DA62000954DF /* Equation.swift */; };
		D8057A161C712BF50022E8A3 /* PreferencesTabViewController.swift in Sources */ = {isa = PBXBuildFile; fileRef = D8057A151C712BF50022E8A3 /* PreferencesTabViewController.swift */; };
		D827A5F71B40395900C6F4B6 /* AVFoundation.framework in Frameworks */ = {isa = PBXBuildFile; fileRef = D827A5F61B40395900C6F4B6 /* AVFoundation.framework */; };
		D83CF03D1B6FE18900B59532 /* CrashReporter.framework in CopyFiles */ = {isa = PBXBuildFile; fileRef = D83CF03A1B6FE15900B59532 /* CrashReporter.framework */; settings = {ATTRIBUTES = (CodeSignOnCopy, RemoveHeadersOnCopy, ); }; };
		D8566ECA1B419A30006A57BF /* AnnotableViewer.swift in Sources */ = {isa = PBXBuildFile; fileRef = D8566EC91B419A30006A57BF /* AnnotableViewer.swift */; };
		D8566ECC1B41D57D006A57BF /* ColorSwatchCell.swift in Sources */ = {isa = PBXBuildFile; fileRef = D8566ECB1B41D57D006A57BF /* ColorSwatchCell.swift */; };
		D856F6A41B4AEAB500A75458 /* ORSSerial.framework in CopyFiles */ = {isa = PBXBuildFile; fileRef = D8C386BD1B441AD600DE70EA /* ORSSerial.framework */; settings = {ATTRIBUTES = (CodeSignOnCopy, RemoveHeadersOnCopy, ); }; };
		D860DEE21C0A768B0043203F /* Time.swift in Sources */ = {isa = PBXBuildFile; fileRef = D860DEE11C0A768B0043203F /* Time.swift */; };
		D87DB6C31B45958B00131082 /* Annotations.swift in Sources */ = {isa = PBXBuildFile; fileRef = D87DB6C21B45958B00131082 /* Annotations.swift */; };
		D8875E871B40770700270CE0 /* CoreImage.framework in Frameworks */ = {isa = PBXBuildFile; fileRef = D8875E861B40770700270CE0 /* CoreImage.framework */; };
		D8875E891B40776100270CE0 /* CoreFoundation.framework in Frameworks */ = {isa = PBXBuildFile; fileRef = D8875E881B40776100270CE0 /* CoreFoundation.framework */; };
		D8875E8B1B40B94300270CE0 /* CoreGraphics.framework in Frameworks */ = {isa = PBXBuildFile; fileRef = D8875E8A1B40B94300270CE0 /* CoreGraphics.framework */; };
		D892B4971B9E53B2001DFCFE /* CircularShortTimeFourierTransform.swift in Sources */ = {isa = PBXBuildFile; fileRef = D892B4901B9E53B2001DFCFE /* CircularShortTimeFourierTransform.swift */; };
		D892B4981B9E53B2001DFCFE /* DebounceBoolean.swift in Sources */ = {isa = PBXBuildFile; fileRef = D892B4911B9E53B2001DFCFE /* DebounceBoolean.swift */; };
		D892B4991B9E53B2001DFCFE /* ExponentialMovingAverage.swift in Sources */ = {isa = PBXBuildFile; fileRef = D892B4921B9E53B2001DFCFE /* ExponentialMovingAverage.swift */; };
		D892B49A1B9E53B2001DFCFE /* SongDetector.swift in Sources */ = {isa = PBXBuildFile; fileRef = D892B4931B9E53B2001DFCFE /* SongDetector.swift */; };
		D892B49B1B9E53B2001DFCFE /* TPCircularBuffer.c in Sources */ = {isa = PBXBuildFile; fileRef = D892B4951B9E53B2001DFCFE /* TPCircularBuffer.c */; };
		D8A44EC11C6B96AC00DD8058 /* PreferencesViewController.swift in Sources */ = {isa = PBXBuildFile; fileRef = D8A44EBF1C6B96AC00DD8058 /* PreferencesViewController.swift */; };
		D8A4C7421B59966E0030B756 /* VideoControl.swift in Sources */ = {isa = PBXBuildFile; fileRef = D8A4C7411B59966E0030B756 /* VideoControl.swift */; };
		D8B715B71B6FC13F008F76D8 /* QuartzCore.framework in Frameworks */ = {isa = PBXBuildFile; fileRef = D8B715B61B6FC13F008F76D8 /* QuartzCore.framework */; };
		D8C20BCC1B4C01E50006ED7D /* AnnotableViewer.xib in Resources */ = {isa = PBXBuildFile; fileRef = D8C20BCB1B4C01E50006ED7D /* AnnotableViewer.xib */; };
		D8C20BCF1B4C28200006ED7D /* Icon.icns in Resources */ = {isa = PBXBuildFile; fileRef = D8C20BCE1B4C28200006ED7D /* Icon.icns */; };
		D8C386BE1B441ADA00DE70EA /* ORSSerial.framework in Frameworks */ = {isa = PBXBuildFile; fileRef = D8C386BD1B441AD600DE70EA /* ORSSerial.framework */; };
		D8C386C01B4428B900DE70EA /* ArduinoIO.swift in Sources */ = {isa = PBXBuildFile; fileRef = D8C386BF1B4428B900DE70EA /* ArduinoIO.swift */; };
		D8CA280B1BB48036000EDAF8 /* SchmittForCapture.swift in Sources */ = {isa = PBXBuildFile; fileRef = D8CA280A1BB48036000EDAF8 /* SchmittForCapture.swift */; };
		D8E48E0B1B458E250052F4C7 /* Preferences.swift in Sources */ = {isa = PBXBuildFile; fileRef = D8E48E0A1B458E250052F4C7 /* Preferences.swift */; };
		D8E48E0E1B45904E0052F4C7 /* Common.swift in Sources */ = {isa = PBXBuildFile; fileRef = D8E48E0D1B45904E0052F4C7 /* Common.swift */; };
		D8E48E4B1B4593ED0052F4C7 /* Document.swift in Sources */ = {isa = PBXBuildFile; fileRef = D8E48E4A1B4593ED0052F4C7 /* Document.swift */; };
		D8EDDB461BD8593F00EEA708 /* CrashReporter.framework in Frameworks */ = {isa = PBXBuildFile; fileRef = D83CF03A1B6FE15900B59532 /* CrashReporter.framework */; };
		D8F8E6791B66B429004493D5 /* Regex.swift in Sources */ = {isa = PBXBuildFile; fileRef = D8F8E6781B66B429004493D5 /* Regex.swift */; };
/* End PBXBuildFile section */

/* Begin PBXContainerItemProxy section */
		D8013FA51B4037870053F452 /* PBXContainerItemProxy */ = {
			isa = PBXContainerItemProxy;
			containerPortal = D8013F8A1B4037870053F452 /* Project object */;
			proxyType = 1;
			remoteGlobalIDString = D8013F911B4037870053F452;
			remoteInfo = VideoCapture;
		};
		D8C386BC1B441AD600DE70EA /* PBXContainerItemProxy */ = {
			isa = PBXContainerItemProxy;
			containerPortal = D8C386B81B441AD600DE70EA /* ORSSerialPort.xcodeproj */;
			proxyType = 2;
			remoteGlobalIDString = 9DCA89121A2BB106009285EB;
			remoteInfo = ORSSerial;
		};
		D8CA280E1BB48037000EDAF8 /* PBXContainerItemProxy */ = {
			isa = PBXContainerItemProxy;
			containerPortal = D8C386B81B441AD600DE70EA /* ORSSerialPort.xcodeproj */;
			proxyType = 2;
			remoteGlobalIDString = 9D7472131B6D7767002D8B10;
			remoteInfo = "ORSSerialPort Tests";
		};
/* End PBXContainerItemProxy section */

/* Begin PBXCopyFilesBuildPhase section */
		D856F6A31B4AEAAB00A75458 /* CopyFiles */ = {
			isa = PBXCopyFilesBuildPhase;
			buildActionMask = 2147483647;
			dstPath = "";
			dstSubfolderSpec = 10;
			files = (
				D856F6A41B4AEAB500A75458 /* ORSSerial.framework in CopyFiles */,
				D83CF03D1B6FE18900B59532 /* CrashReporter.framework in CopyFiles */,
			);
			runOnlyForDeploymentPostprocessing = 0;
		};
/* End PBXCopyFilesBuildPhase section */

/* Begin PBXFileReference section */
		D8013F921B4037870053F452 /* Video Capture.app */ = {isa = PBXFileReference; explicitFileType = wrapper.application; includeInIndex = 0; path = "Video Capture.app"; sourceTree = BUILT_PRODUCTS_DIR; };
		D8013F961B4037870053F452 /* Info.plist */ = {isa = PBXFileReference; lastKnownFileType = text.plist.xml; path = Info.plist; sourceTree = "<group>"; };
		D8013F971B4037870053F452 /* AppDelegate.swift */ = {isa = PBXFileReference; lastKnownFileType = sourcecode.swift; path = AppDelegate.swift; sourceTree = "<group>"; };
		D8013F991B4037870053F452 /* ViewController.swift */ = {isa = PBXFileReference; lastKnownFileType = sourcecode.swift; path = ViewController.swift; sourceTree = "<group>"; };
		D8013F9B1B4037870053F452 /* Images.xcassets */ = {isa = PBXFileReference; lastKnownFileType = folder.assetcatalog; path = Images.xcassets; sourceTree = "<group>"; };
		D8013F9E1B4037870053F452 /* Base */ = {isa = PBXFileReference; lastKnownFileType = file.storyboard; name = Base; path = Base.lproj/Main.storyboard; sourceTree = "<group>"; };
		D8013FA41B4037870053F452 /* VideoCaptureTests.xctest */ = {isa = PBXFileReference; explicitFileType = wrapper.cfbundle; includeInIndex = 0; path = VideoCaptureTests.xctest; sourceTree = BUILT_PRODUCTS_DIR; };
		D8013FA91B4037870053F452 /* Info.plist */ = {isa = PBXFileReference; lastKnownFileType = text.plist.xml; path = Info.plist; sourceTree = "<group>"; };
		D8013FAA1B4037870053F452 /* VideoCaptureTests.swift */ = {isa = PBXFileReference; lastKnownFileType = sourcecode.swift; path = VideoCaptureTests.swift; sourceTree = "<group>"; };
		D801C9311B67DA3F000954DF /* EquationParser.swift */ = {isa = PBXFileReference; fileEncoding = 4; lastKnownFileType = sourcecode.swift; path = EquationParser.swift; sourceTree = "<group>"; };
		D801C9341B67DA62000954DF /* Equation.swift */ = {isa = PBXFileReference; fileEncoding = 4; lastKnownFileType = sourcecode.swift; path = Equation.swift; sourceTree = "<group>"; };
		D8057A151C712BF50022E8A3 /* PreferencesTabViewController.swift */ = {isa = PBXFileReference; fileEncoding = 4; lastKnownFileType = sourcecode.swift; path = PreferencesTabViewController.swift; sourceTree = "<group>"; };
		D827A5F61B40395900C6F4B6 /* AVFoundation.framework */ = {isa = PBXFileReference; lastKnownFileType = wrapper.framework; name = AVFoundation.framework; path = System/Library/Frameworks/AVFoundation.framework; sourceTree = SDKROOT; };
		D83CF03A1B6FE15900B59532 /* CrashReporter.framework */ = {isa = PBXFileReference; lastKnownFileType = wrapper.framework; name = CrashReporter.framework; path = Frameworks/CrashReporter.framework; sourceTree = "<group>"; };
		D83CF03F1B6FE23900B59532 /* VideoCapture-Bridging-Header.h */ = {isa = PBXFileReference; lastKnownFileType = sourcecode.c.h; path = "VideoCapture-Bridging-Header.h"; sourceTree = "<group>"; };
		D8566EC91B419A30006A57BF /* AnnotableViewer.swift */ = {isa = PBXFileReference; fileEncoding = 4; lastKnownFileType = sourcecode.swift; path = AnnotableViewer.swift; sourceTree = "<group>"; };
		D8566ECB1B41D57D006A57BF /* ColorSwatchCell.swift */ = {isa = PBXFileReference; fileEncoding = 4; lastKnownFileType = sourcecode.swift; path = ColorSwatchCell.swift; sourceTree = "<group>"; };
		D860DEE11C0A768B0043203F /* Time.swift */ = {isa = PBXFileReference; fileEncoding = 4; lastKnownFileType = sourcecode.swift; path = Time.swift; sourceTree = "<group>"; };
		D87DB6C21B45958B00131082 /* Annotations.swift */ = {isa = PBXFileReference; fileEncoding = 4; lastKnownFileType = sourcecode.swift; path = Annotations.swift; sourceTree = "<group>"; };
		D8875E861B40770700270CE0 /* CoreImage.framework */ = {isa = PBXFileReference; lastKnownFileType = wrapper.framework; name = CoreImage.framework; path = System/Library/Frameworks/CoreImage.framework; sourceTree = SDKROOT; };
		D8875E881B40776100270CE0 /* CoreFoundation.framework */ = {isa = PBXFileReference; lastKnownFileType = wrapper.framework; name = CoreFoundation.framework; path = System/Library/Frameworks/CoreFoundation.framework; sourceTree = SDKROOT; };
		D8875E8A1B40B94300270CE0 /* CoreGraphics.framework */ = {isa = PBXFileReference; lastKnownFileType = wrapper.framework; name = CoreGraphics.framework; path = System/Library/Frameworks/CoreGraphics.framework; sourceTree = SDKROOT; };
		D892B4901B9E53B2001DFCFE /* CircularShortTimeFourierTransform.swift */ = {isa = PBXFileReference; fileEncoding = 4; lastKnownFileType = sourcecode.swift; path = CircularShortTimeFourierTransform.swift; sourceTree = "<group>"; };
		D892B4911B9E53B2001DFCFE /* DebounceBoolean.swift */ = {isa = PBXFileReference; fileEncoding = 4; lastKnownFileType = sourcecode.swift; path = DebounceBoolean.swift; sourceTree = "<group>"; };
		D892B4921B9E53B2001DFCFE /* ExponentialMovingAverage.swift */ = {isa = PBXFileReference; fileEncoding = 4; lastKnownFileType = sourcecode.swift; path = ExponentialMovingAverage.swift; sourceTree = "<group>"; };
		D892B4931B9E53B2001DFCFE /* SongDetector.swift */ = {isa = PBXFileReference; fileEncoding = 4; lastKnownFileType = sourcecode.swift; path = SongDetector.swift; sourceTree = "<group>"; };
		D892B4951B9E53B2001DFCFE /* TPCircularBuffer.c */ = {isa = PBXFileReference; fileEncoding = 4; lastKnownFileType = sourcecode.c.c; path = TPCircularBuffer.c; sourceTree = "<group>"; };
		D892B4961B9E53B2001DFCFE /* TPCircularBuffer.h */ = {isa = PBXFileReference; fileEncoding = 4; lastKnownFileType = sourcecode.c.h; path = TPCircularBuffer.h; sourceTree = "<group>"; };
		D8A44EBF1C6B96AC00DD8058 /* PreferencesViewController.swift */ = {isa = PBXFileReference; fileEncoding = 4; lastKnownFileType = sourcecode.swift; path = PreferencesViewController.swift; sourceTree = "<group>"; };
		D8A4C7411B59966E0030B756 /* VideoControl.swift */ = {isa = PBXFileReference; fileEncoding = 4; lastKnownFileType = sourcecode.swift; path = VideoControl.swift; sourceTree = "<group>"; };
		D8B715B61B6FC13F008F76D8 /* QuartzCore.framework */ = {isa = PBXFileReference; lastKnownFileType = wrapper.framework; name = QuartzCore.framework; path = System/Library/Frameworks/QuartzCore.framework; sourceTree = SDKROOT; };
		D8C20BCB1B4C01E50006ED7D /* AnnotableViewer.xib */ = {isa = PBXFileReference; fileEncoding = 4; lastKnownFileType = file.xib; path = AnnotableViewer.xib; sourceTree = "<group>"; };
		D8C20BCE1B4C28200006ED7D /* Icon.icns */ = {isa = PBXFileReference; lastKnownFileType = image.icns; path = Icon.icns; sourceTree = "<group>"; };
		D8C386B81B441AD600DE70EA /* ORSSerialPort.xcodeproj */ = {isa = PBXFileReference; lastKnownFileType = "wrapper.pb-project"; name = ORSSerialPort.xcodeproj; path = "Frameworks/ORSSerialPort/Framework Project/ORSSerialPort.xcodeproj"; sourceTree = "<group>"; };
		D8C386BF1B4428B900DE70EA /* ArduinoIO.swift */ = {isa = PBXFileReference; fileEncoding = 4; lastKnownFileType = sourcecode.swift; path = ArduinoIO.swift; sourceTree = "<group>"; };
		D8CA280A1BB48036000EDAF8 /* SchmittForCapture.swift */ = {isa = PBXFileReference; fileEncoding = 4; lastKnownFileType = sourcecode.swift; path = SchmittForCapture.swift; sourceTree = "<group>"; };
		D8E48E0A1B458E250052F4C7 /* Preferences.swift */ = {isa = PBXFileReference; fileEncoding = 4; lastKnownFileType = sourcecode.swift; path = Preferences.swift; sourceTree = "<group>"; };
		D8E48E0D1B45904E0052F4C7 /* Common.swift */ = {isa = PBXFileReference; fileEncoding = 4; lastKnownFileType = sourcecode.swift; path = Common.swift; sourceTree = "<group>"; };
		D8E48E4A1B4593ED0052F4C7 /* Document.swift */ = {isa = PBXFileReference; fileEncoding = 4; lastKnownFileType = sourcecode.swift; path = Document.swift; sourceTree = "<group>"; };
		D8F8E6781B66B429004493D5 /* Regex.swift */ = {isa = PBXFileReference; fileEncoding = 4; lastKnownFileType = sourcecode.swift; path = Regex.swift; sourceTree = "<group>"; };
/* End PBXFileReference section */

/* Begin PBXFrameworksBuildPhase section */
		D8013F8F1B4037870053F452 /* Frameworks */ = {
			isa = PBXFrameworksBuildPhase;
			buildActionMask = 2147483647;
			files = (
				D8EDDB461BD8593F00EEA708 /* CrashReporter.framework in Frameworks */,
				D8B715B71B6FC13F008F76D8 /* QuartzCore.framework in Frameworks */,
				D8C386BE1B441ADA00DE70EA /* ORSSerial.framework in Frameworks */,
				D8875E8B1B40B94300270CE0 /* CoreGraphics.framework in Frameworks */,
				D8875E891B40776100270CE0 /* CoreFoundation.framework in Frameworks */,
				D8875E871B40770700270CE0 /* CoreImage.framework in Frameworks */,
				D827A5F71B40395900C6F4B6 /* AVFoundation.framework in Frameworks */,
			);
			runOnlyForDeploymentPostprocessing = 0;
		};
		D8013FA11B4037870053F452 /* Frameworks */ = {
			isa = PBXFrameworksBuildPhase;
			buildActionMask = 2147483647;
			files = (
			);
			runOnlyForDeploymentPostprocessing = 0;
		};
/* End PBXFrameworksBuildPhase section */

/* Begin PBXGroup section */
		D8013F891B4037870053F452 = {
			isa = PBXGroup;
			children = (
				D8C386B81B441AD600DE70EA /* ORSSerialPort.xcodeproj */,
				D83CF03A1B6FE15900B59532 /* CrashReporter.framework */,
				D8B715B61B6FC13F008F76D8 /* QuartzCore.framework */,
				D8875E8A1B40B94300270CE0 /* CoreGraphics.framework */,
				D8875E881B40776100270CE0 /* CoreFoundation.framework */,
				D8875E861B40770700270CE0 /* CoreImage.framework */,
				D827A5F61B40395900C6F4B6 /* AVFoundation.framework */,
				D83CF03F1B6FE23900B59532 /* VideoCapture-Bridging-Header.h */,
				D8013F941B4037870053F452 /* VideoCapture */,
				D8013FA71B4037870053F452 /* VideoCaptureTests */,
				D8013F931B4037870053F452 /* Products */,
			);
			sourceTree = "<group>";
		};
		D8013F931B4037870053F452 /* Products */ = {
			isa = PBXGroup;
			children = (
				D8013F921B4037870053F452 /* Video Capture.app */,
				D8013FA41B4037870053F452 /* VideoCaptureTests.xctest */,
			);
			name = Products;
			sourceTree = "<group>";
		};
		D8013F941B4037870053F452 /* VideoCapture */ = {
			isa = PBXGroup;
			children = (
				D892B48F1B9E53B2001DFCFE /* SongDetection */,
				D8566EC91B419A30006A57BF /* AnnotableViewer.swift */,
				D87DB6C21B45958B00131082 /* Annotations.swift */,
				D8013F971B4037870053F452 /* AppDelegate.swift */,
				D8C386BF1B4428B900DE70EA /* ArduinoIO.swift */,
				D8566ECB1B41D57D006A57BF /* ColorSwatchCell.swift */,
				D8E48E0D1B45904E0052F4C7 /* Common.swift */,
				D801C9341B67DA62000954DF /* Equation.swift */,
				D801C9311B67DA3F000954DF /* EquationParser.swift */,
				D8E48E4A1B4593ED0052F4C7 /* Document.swift */,
				D8E48E0A1B458E250052F4C7 /* Preferences.swift */,
				D8057A151C712BF50022E8A3 /* PreferencesTabViewController.swift */,
				D8A44EBF1C6B96AC00DD8058 /* PreferencesViewController.swift */,
				D860DEE11C0A768B0043203F /* Time.swift */,
				D8F8E6781B66B429004493D5 /* Regex.swift */,
				D8013F991B4037870053F452 /* ViewController.swift */,
				D8A4C7411B59966E0030B756 /* VideoControl.swift */,
				D8C20BCB1B4C01E50006ED7D /* AnnotableViewer.xib */,
				D8013F9D1B4037870053F452 /* Main.storyboard */,
				D8C20BCE1B4C28200006ED7D /* Icon.icns */,
				D8013F9B1B4037870053F452 /* Images.xcassets */,
				D8013F951B4037870053F452 /* Supporting Files */,
			);
			path = VideoCapture;
			sourceTree = "<group>";
		};
		D8013F951B4037870053F452 /* Supporting Files */ = {
			isa = PBXGroup;
			children = (
				D8013F961B4037870053F452 /* Info.plist */,
			);
			name = "Supporting Files";
			sourceTree = "<group>";
		};
		D8013FA71B4037870053F452 /* VideoCaptureTests */ = {
			isa = PBXGroup;
			children = (
				D8013FAA1B4037870053F452 /* VideoCaptureTests.swift */,
				D8013FA81B4037870053F452 /* Supporting Files */,
			);
			path = VideoCaptureTests;
			sourceTree = "<group>";
		};
		D8013FA81B4037870053F452 /* Supporting Files */ = {
			isa = PBXGroup;
			children = (
				D8013FA91B4037870053F452 /* Info.plist */,
			);
			name = "Supporting Files";
			sourceTree = "<group>";
		};
		D892B48F1B9E53B2001DFCFE /* SongDetection */ = {
			isa = PBXGroup;
			children = (
				D892B4941B9E53B2001DFCFE /* TPCircularBuffer */,
				D892B4901B9E53B2001DFCFE /* CircularShortTimeFourierTransform.swift */,
				D892B4911B9E53B2001DFCFE /* DebounceBoolean.swift */,
				D892B4921B9E53B2001DFCFE /* ExponentialMovingAverage.swift */,
				D892B4931B9E53B2001DFCFE /* SongDetector.swift */,
				D8CA280A1BB48036000EDAF8 /* SchmittForCapture.swift */,
			);
			path = SongDetection;
			sourceTree = "<group>";
		};
		D892B4941B9E53B2001DFCFE /* TPCircularBuffer */ = {
			isa = PBXGroup;
			children = (
				D892B4951B9E53B2001DFCFE /* TPCircularBuffer.c */,
				D892B4961B9E53B2001DFCFE /* TPCircularBuffer.h */,
			);
			path = TPCircularBuffer;
			sourceTree = "<group>";
		};
		D8C386B91B441AD600DE70EA /* Products */ = {
			isa = PBXGroup;
			children = (
				D8C386BD1B441AD600DE70EA /* ORSSerial.framework */,
				D8CA280F1BB48037000EDAF8 /* ORSSerialPort Tests.xctest */,
			);
			name = Products;
			sourceTree = "<group>";
		};
/* End PBXGroup section */

/* Begin PBXNativeTarget section */
		D8013F911B4037870053F452 /* VideoCapture */ = {
			isa = PBXNativeTarget;
			buildConfigurationList = D8013FAE1B4037870053F452 /* Build configuration list for PBXNativeTarget "VideoCapture" */;
			buildPhases = (
				D8013F8E1B4037870053F452 /* Sources */,
				D8D7F6A11BB57F0800BBE4A7 /* ShellScript */,
				D8013F8F1B4037870053F452 /* Frameworks */,
				D8013F901B4037870053F452 /* Resources */,
				D856F6A31B4AEAAB00A75458 /* CopyFiles */,
			);
			buildRules = (
			);
			dependencies = (
			);
			name = VideoCapture;
			productName = VideoCapture;
			productReference = D8013F921B4037870053F452 /* Video Capture.app */;
			productType = "com.apple.product-type.application";
		};
		D8013FA31B4037870053F452 /* VideoCaptureTests */ = {
			isa = PBXNativeTarget;
			buildConfigurationList = D8013FB11B4037870053F452 /* Build configuration list for PBXNativeTarget "VideoCaptureTests" */;
			buildPhases = (
				D8013FA01B4037870053F452 /* Sources */,
				D8013FA11B4037870053F452 /* Frameworks */,
				D8013FA21B4037870053F452 /* Resources */,
			);
			buildRules = (
			);
			dependencies = (
				D8013FA61B4037870053F452 /* PBXTargetDependency */,
			);
			name = VideoCaptureTests;
			productName = VideoCaptureTests;
			productReference = D8013FA41B4037870053F452 /* VideoCaptureTests.xctest */;
			productType = "com.apple.product-type.bundle.unit-test";
		};
/* End PBXNativeTarget section */

/* Begin PBXProject section */
		D8013F8A1B4037870053F452 /* Project object */ = {
			isa = PBXProject;
			attributes = {
				LastSwiftUpdateCheck = 0700;
				LastUpgradeCheck = 0700;
				ORGANIZATIONNAME = GardnerLab;
				TargetAttributes = {
					D8013F911B4037870053F452 = {
						CreatedOnToolsVersion = 6.3.2;
						DevelopmentTeam = WRZPP65FJN;
					};
					D8013FA31B4037870053F452 = {
						CreatedOnToolsVersion = 6.3.2;
						TestTargetID = D8013F911B4037870053F452;
					};
				};
			};
			buildConfigurationList = D8013F8D1B4037870053F452 /* Build configuration list for PBXProject "VideoCapture" */;
			compatibilityVersion = "Xcode 3.2";
			developmentRegion = English;
			hasScannedForEncodings = 0;
			knownRegions = (
				en,
				Base,
			);
			mainGroup = D8013F891B4037870053F452;
			productRefGroup = D8013F931B4037870053F452 /* Products */;
			projectDirPath = "";
			projectReferences = (
				{
					ProductGroup = D8C386B91B441AD600DE70EA /* Products */;
					ProjectRef = D8C386B81B441AD600DE70EA /* ORSSerialPort.xcodeproj */;
				},
			);
			projectRoot = "";
			targets = (
				D8013F911B4037870053F452 /* VideoCapture */,
				D8013FA31B4037870053F452 /* VideoCaptureTests */,
			);
		};
/* End PBXProject section */

/* Begin PBXReferenceProxy section */
		D8C386BD1B441AD600DE70EA /* ORSSerial.framework */ = {
			isa = PBXReferenceProxy;
			fileType = wrapper.framework;
			path = ORSSerial.framework;
			remoteRef = D8C386BC1B441AD600DE70EA /* PBXContainerItemProxy */;
			sourceTree = BUILT_PRODUCTS_DIR;
		};
		D8CA280F1BB48037000EDAF8 /* ORSSerialPort Tests.xctest */ = {
			isa = PBXReferenceProxy;
			fileType = wrapper.cfbundle;
			path = "ORSSerialPort Tests.xctest";
			remoteRef = D8CA280E1BB48037000EDAF8 /* PBXContainerItemProxy */;
			sourceTree = BUILT_PRODUCTS_DIR;
		};
/* End PBXReferenceProxy section */

/* Begin PBXResourcesBuildPhase section */
		D8013F901B4037870053F452 /* Resources */ = {
			isa = PBXResourcesBuildPhase;
			buildActionMask = 2147483647;
			files = (
				D8013F9C1B4037870053F452 /* Images.xcassets in Resources */,
				D8C20BCF1B4C28200006ED7D /* Icon.icns in Resources */,
				D8C20BCC1B4C01E50006ED7D /* AnnotableViewer.xib in Resources */,
				D8013F9F1B4037870053F452 /* Main.storyboard in Resources */,
			);
			runOnlyForDeploymentPostprocessing = 0;
		};
		D8013FA21B4037870053F452 /* Resources */ = {
			isa = PBXResourcesBuildPhase;
			buildActionMask = 2147483647;
			files = (
			);
			runOnlyForDeploymentPostprocessing = 0;
		};
/* End PBXResourcesBuildPhase section */

/* Begin PBXShellScriptBuildPhase section */
		D8D7F6A11BB57F0800BBE4A7 /* ShellScript */ = {
			isa = PBXShellScriptBuildPhase;
			buildActionMask = 2147483647;
			files = (
			);
			inputPaths = (
			);
			outputPaths = (
			);
			runOnlyForDeploymentPostprocessing = 0;
			shellPath = /bin/sh;
			shellScript = "cd Frameworks/CrashReporter.framework\nln -f -s Versions/Current/CrashReporter CrashReporter";
		};
/* End PBXShellScriptBuildPhase section */

/* Begin PBXSourcesBuildPhase section */
		D8013F8E1B4037870053F452 /* Sources */ = {
			isa = PBXSourcesBuildPhase;
			buildActionMask = 2147483647;
			files = (
				D801C9361B67E19A000954DF /* Equation.swift in Sources */,
				D801C9321B67DA3F000954DF /* EquationParser.swift in Sources */,
				D8E48E4B1B4593ED0052F4C7 /* Document.swift in Sources */,
				D892B49A1B9E53B2001DFCFE /* SongDetector.swift in Sources */,
				D8C386C01B4428B900DE70EA /* ArduinoIO.swift in Sources */,
				D8A44EC11C6B96AC00DD8058 /* PreferencesViewController.swift in Sources */,
				D892B4981B9E53B2001DFCFE /* DebounceBoolean.swift in Sources */,
				D892B49B1B9E53B2001DFCFE /* TPCircularBuffer.c in Sources */,
				D8013F9A1B4037870053F452 /* ViewController.swift in Sources */,
				D8E48E0B1B458E250052F4C7 /* Preferences.swift in Sources */,
				D8CA280B1BB48036000EDAF8 /* SchmittForCapture.swift in Sources */,
				D8566ECC1B41D57D006A57BF /* ColorSwatchCell.swift in Sources */,
				D8A4C7421B59966E0030B756 /* VideoControl.swift in Sources */,
				D860DEE21C0A768B0043203F /* Time.swift in Sources */,
				D8013F981B4037870053F452 /* AppDelegate.swift in Sources */,
				D8566ECA1B419A30006A57BF /* AnnotableViewer.swift in Sources */,
				D892B4991B9E53B2001DFCFE /* ExponentialMovingAverage.swift in Sources */,
				D892B4971B9E53B2001DFCFE /* CircularShortTimeFourierTransform.swift in Sources */,
				D8E48E0E1B45904E0052F4C7 /* Common.swift in Sources */,
				D8057A161C712BF50022E8A3 /* PreferencesTabViewController.swift in Sources */,
				D87DB6C31B45958B00131082 /* Annotations.swift in Sources */,
				D8F8E6791B66B429004493D5 /* Regex.swift in Sources */,
			);
			runOnlyForDeploymentPostprocessing = 0;
		};
		D8013FA01B4037870053F452 /* Sources */ = {
			isa = PBXSourcesBuildPhase;
			buildActionMask = 2147483647;
			files = (
				D8013FAB1B4037870053F452 /* VideoCaptureTests.swift in Sources */,
			);
			runOnlyForDeploymentPostprocessing = 0;
		};
/* End PBXSourcesBuildPhase section */

/* Begin PBXTargetDependency section */
		D8013FA61B4037870053F452 /* PBXTargetDependency */ = {
			isa = PBXTargetDependency;
			target = D8013F911B4037870053F452 /* VideoCapture */;
			targetProxy = D8013FA51B4037870053F452 /* PBXContainerItemProxy */;
		};
/* End PBXTargetDependency section */

/* Begin PBXVariantGroup section */
		D8013F9D1B4037870053F452 /* Main.storyboard */ = {
			isa = PBXVariantGroup;
			children = (
				D8013F9E1B4037870053F452 /* Base */,
			);
			name = Main.storyboard;
			sourceTree = "<group>";
		};
/* End PBXVariantGroup section */

/* Begin XCBuildConfiguration section */
		D8013FAC1B4037870053F452 /* Debug */ = {
			isa = XCBuildConfiguration;
			buildSettings = {
				ALWAYS_SEARCH_USER_PATHS = NO;
				CLANG_CXX_LANGUAGE_STANDARD = "gnu++0x";
				CLANG_CXX_LIBRARY = "libc++";
				CLANG_ENABLE_MODULES = YES;
				CLANG_ENABLE_OBJC_ARC = YES;
				CLANG_WARN_BOOL_CONVERSION = YES;
				CLANG_WARN_CONSTANT_CONVERSION = YES;
				CLANG_WARN_DIRECT_OBJC_ISA_USAGE = YES_ERROR;
				CLANG_WARN_EMPTY_BODY = YES;
				CLANG_WARN_ENUM_CONVERSION = YES;
				CLANG_WARN_INT_CONVERSION = YES;
				CLANG_WARN_OBJC_ROOT_CLASS = YES_ERROR;
				CLANG_WARN_UNREACHABLE_CODE = YES;
				CLANG_WARN__DUPLICATE_METHOD_MATCH = YES;
				CODE_SIGN_IDENTITY = "-";
				COPY_PHASE_STRIP = NO;
				DEBUG_INFORMATION_FORMAT = dwarf;
				ENABLE_STRICT_OBJC_MSGSEND = YES;
				ENABLE_TESTABILITY = YES;
				GCC_C_LANGUAGE_STANDARD = gnu99;
				GCC_DYNAMIC_NO_PIC = NO;
				GCC_NO_COMMON_BLOCKS = YES;
				GCC_OPTIMIZATION_LEVEL = 0;
				GCC_PREPROCESSOR_DEFINITIONS = (
					"DEBUG=1",
					"$(inherited)",
				);
				GCC_SYMBOLS_PRIVATE_EXTERN = NO;
				GCC_WARN_64_TO_32_BIT_CONVERSION = YES;
				GCC_WARN_ABOUT_RETURN_TYPE = YES_ERROR;
				GCC_WARN_UNDECLARED_SELECTOR = YES;
				GCC_WARN_UNINITIALIZED_AUTOS = YES_AGGRESSIVE;
				GCC_WARN_UNUSED_FUNCTION = YES;
				GCC_WARN_UNUSED_VARIABLE = YES;
				MACOSX_DEPLOYMENT_TARGET = 10.10;
				MTL_ENABLE_DEBUG_INFO = YES;
				ONLY_ACTIVE_ARCH = YES;
				SDKROOT = macosx;
				SWIFT_OPTIMIZATION_LEVEL = "-Onone";
			};
			name = Debug;
		};
		D8013FAD1B4037870053F452 /* Release */ = {
			isa = XCBuildConfiguration;
			buildSettings = {
				ALWAYS_SEARCH_USER_PATHS = NO;
				CLANG_CXX_LANGUAGE_STANDARD = "gnu++0x";
				CLANG_CXX_LIBRARY = "libc++";
				CLANG_ENABLE_MODULES = YES;
				CLANG_ENABLE_OBJC_ARC = YES;
				CLANG_WARN_BOOL_CONVERSION = YES;
				CLANG_WARN_CONSTANT_CONVERSION = YES;
				CLANG_WARN_DIRECT_OBJC_ISA_USAGE = YES_ERROR;
				CLANG_WARN_EMPTY_BODY = YES;
				CLANG_WARN_ENUM_CONVERSION = YES;
				CLANG_WARN_INT_CONVERSION = YES;
				CLANG_WARN_OBJC_ROOT_CLASS = YES_ERROR;
				CLANG_WARN_UNREACHABLE_CODE = YES;
				CLANG_WARN__DUPLICATE_METHOD_MATCH = YES;
				CODE_SIGN_IDENTITY = "-";
				COPY_PHASE_STRIP = NO;
				DEBUG_INFORMATION_FORMAT = "dwarf-with-dsym";
				ENABLE_NS_ASSERTIONS = NO;
				ENABLE_STRICT_OBJC_MSGSEND = YES;
				GCC_C_LANGUAGE_STANDARD = gnu99;
				GCC_NO_COMMON_BLOCKS = YES;
				GCC_WARN_64_TO_32_BIT_CONVERSION = YES;
				GCC_WARN_ABOUT_RETURN_TYPE = YES_ERROR;
				GCC_WARN_UNDECLARED_SELECTOR = YES;
				GCC_WARN_UNINITIALIZED_AUTOS = YES_AGGRESSIVE;
				GCC_WARN_UNUSED_FUNCTION = YES;
				GCC_WARN_UNUSED_VARIABLE = YES;
				MACOSX_DEPLOYMENT_TARGET = 10.10;
				MTL_ENABLE_DEBUG_INFO = NO;
				SDKROOT = macosx;
			};
			name = Release;
		};
		D8013FAF1B4037870053F452 /* Debug */ = {
			isa = XCBuildConfiguration;
			buildSettings = {
				ASSETCATALOG_COMPILER_APPICON_NAME = AppIcon;
				CODE_SIGN_IDENTITY = "Developer ID Application";
				"CODE_SIGN_IDENTITY[sdk=macosx*]" = "Mac Developer";
				COMBINE_HIDPI_IMAGES = YES;
				FRAMEWORK_SEARCH_PATHS = (
					"$(inherited)",
					"$(PROJECT_DIR)",
					"$(PROJECT_DIR)/Frameworks",
				);
				HEADER_SEARCH_PATHS = "$(PROJECT_DIR)/Frameworks/CrashReporter.framework/Headers";
				INFOPLIST_FILE = VideoCapture/Info.plist;
				LD_RUNPATH_SEARCH_PATHS = "$(inherited) @executable_path/../Frameworks";
				OTHER_SWIFT_FLAGS = "-DDEBUG";
				PRODUCT_BUNDLE_IDENTIFIER = "edu.gardner.video-capture";
				PRODUCT_MODULE_NAME = VideoCapture;
				PRODUCT_NAME = "Video Capture";
				PROVISIONING_PROFILE = "";
				SWIFT_OBJC_BRIDGING_HEADER = "$(PROJECT_DIR)/VideoCapture-Bridging-Header.h";
			};
			name = Debug;
		};
		D8013FB01B4037870053F452 /* Release */ = {
			isa = XCBuildConfiguration;
			buildSettings = {
				ASSETCATALOG_COMPILER_APPICON_NAME = AppIcon;
				CODE_SIGN_IDENTITY = "Developer ID Application";
				"CODE_SIGN_IDENTITY[sdk=macosx*]" = "Mac Developer";
				COMBINE_HIDPI_IMAGES = YES;
				FRAMEWORK_SEARCH_PATHS = (
					"$(inherited)",
					"$(PROJECT_DIR)",
					"$(PROJECT_DIR)/Frameworks",
				);
				HEADER_SEARCH_PATHS = "$(PROJECT_DIR)/Frameworks/CrashReporter.framework/Headers";
				INFOPLIST_FILE = VideoCapture/Info.plist;
				LD_RUNPATH_SEARCH_PATHS = "$(inherited) @executable_path/../Frameworks";
				OTHER_SWIFT_FLAGS = "";
				PRODUCT_BUNDLE_IDENTIFIER = "edu.gardner.video-capture";
				PRODUCT_MODULE_NAME = VideoCapture;
				PRODUCT_NAME = "Video Capture";
				PROVISIONING_PROFILE = "";
				SWIFT_OBJC_BRIDGING_HEADER = "$(PROJECT_DIR)/VideoCapture-Bridging-Header.h";
				SWIFT_OPTIMIZATION_LEVEL = "-Owholemodule";
			};
			name = Release;
		};
		D8013FB21B4037870053F452 /* Debug */ = {
			isa = XCBuildConfiguration;
			buildSettings = {
				BUNDLE_LOADER = "$(TEST_HOST)";
				COMBINE_HIDPI_IMAGES = YES;
				FRAMEWORK_SEARCH_PATHS = (
					"$(DEVELOPER_FRAMEWORKS_DIR)",
					"$(inherited)",
				);
				GCC_PREPROCESSOR_DEFINITIONS = (
					"DEBUG=1",
					"$(inherited)",
				);
				INFOPLIST_FILE = VideoCaptureTests/Info.plist;
				LD_RUNPATH_SEARCH_PATHS = "$(inherited) @executable_path/../Frameworks @loader_path/../Frameworks";
				PRODUCT_BUNDLE_IDENTIFIER = "edu.GardnerLab.$(PRODUCT_NAME:rfc1034identifier)";
				PRODUCT_NAME = "$(TARGET_NAME)";
				TEST_HOST = "$(BUILT_PRODUCTS_DIR)/VideoCapture.app/Contents/MacOS/VideoCapture";
			};
			name = Debug;
		};
		D8013FB31B4037870053F452 /* Release */ = {
			isa = XCBuildConfiguration;
			buildSettings = {
				BUNDLE_LOADER = "$(TEST_HOST)";
				COMBINE_HIDPI_IMAGES = YES;
				FRAMEWORK_SEARCH_PATHS = (
					"$(DEVELOPER_FRAMEWORKS_DIR)",
					"$(inherited)",
				);
				INFOPLIST_FILE = VideoCaptureTests/Info.plist;
				LD_RUNPATH_SEARCH_PATHS = "$(inherited) @executable_path/../Frameworks @loader_path/../Frameworks";
				PRODUCT_BUNDLE_IDENTIFIER = "edu.GardnerLab.$(PRODUCT_NAME:rfc1034identifier)";
				PRODUCT_NAME = "$(TARGET_NAME)";
				TEST_HOST = "$(BUILT_PRODUCTS_DIR)/VideoCapture.app/Contents/MacOS/VideoCapture";
			};
			name = Release;
		};
/* End XCBuildConfiguration section */

/* Begin XCConfigurationList section */
		D8013F8D1B4037870053F452 /* Build configuration list for PBXProject "VideoCapture" */ = {
			isa = XCConfigurationList;
			buildConfigurations = (
				D8013FAC1B4037870053F452 /* Debug */,
				D8013FAD1B4037870053F452 /* Release */,
			);
			defaultConfigurationIsVisible = 0;
			defaultConfigurationName = Release;
		};
		D8013FAE1B4037870053F452 /* Build configuration list for PBXNativeTarget "VideoCapture" */ = {
			isa = XCConfigurationList;
			buildConfigurations = (
				D8013FAF1B4037870053F452 /* Debug */,
				D8013FB01B4037870053F452 /* Release */,
			);
			defaultConfigurationIsVisible = 0;
			defaultConfigurationName = Release;
		};
		D8013FB11B4037870053F452 /* Build configuration list for PBXNativeTarget "VideoCaptureTests" */ = {
			isa = XCConfigurationList;
			buildConfigurations = (
				D8013FB21B4037870053F452 /* Debug */,
				D8013FB31B4037870053F452 /* Release */,
			);
			defaultConfigurationIsVisible = 0;
			defaultConfigurationName = Release;
		};
/* End XCConfigurationList section */
	};
	rootObject = D8013F8A1B4037870053F452 /* Project object */;
}
